
Microsoft Visual Studio Solution File, Format Version 12.00
# Visual Studio Version 16
VisualStudioVersion = 16.0.29324.140
MinimumVisualStudioVersion = 10.0.40219.1
Project("{9A19103F-16F7-4668-BE54-9A1E7A4F7556}") = "01.01", "01.01\01.01.csproj", "{E0F0408C-DFDB-4026-AE4E-39C89E3A6631}"
EndProject
Project("{9A19103F-16F7-4668-BE54-9A1E7A4F7556}") = "01.02", "01.02\01.02.csproj", "{B16BD5BF-BC7A-4B20-945E-251BCECD7163}"
EndProject
Project("{9A19103F-16F7-4668-BE54-9A1E7A4F7556}") = "02.01", "02.01\02.01.csproj", "{30564889-99F3-4CCF-B71F-6092EF5A0F64}"
EndProject
Project("{9A19103F-16F7-4668-BE54-9A1E7A4F7556}") = "02.02", "02.02\02.02.csproj", "{2B235B8B-A6D0-48A8-9D08-9BE342FF61B3}"
EndProject
Project("{9A19103F-16F7-4668-BE54-9A1E7A4F7556}") = "04.01", "04.01\04.01.csproj", "{268CF2C9-3A29-4DD6-8724-5832EF6621A5}"
EndProject
Project("{9A19103F-16F7-4668-BE54-9A1E7A4F7556}") = "04.02", "04.02\04.02.csproj", "{81B08880-0236-4327-9DCA-08678D971DDD}"
EndProject
Project("{9A19103F-16F7-4668-BE54-9A1E7A4F7556}") = "06.01", "06.01\06.01.csproj", "{71CD8DD7-BE0E-4307-91E7-B2134B0D5C20}"
EndProject
Project("{9A19103F-16F7-4668-BE54-9A1E7A4F7556}") = "06.02", "06.02\06.02.csproj", "{FA7EF324-F588-4716-83B8-A6E1AD6CDEEB}"
EndProject
Project("{9A19103F-16F7-4668-BE54-9A1E7A4F7556}") = "08.01", "08.01\08.01.csproj", "{B6919C34-2A5B-4129-9554-7B5009BDAE41}"
EndProject
Project("{9A19103F-16F7-4668-BE54-9A1E7A4F7556}") = "08.02", "08.02\08.02.csproj", "{47F07C12-C960-4796-BD5B-3085B121DE14}"
EndProject
Project("{9A19103F-16F7-4668-BE54-9A1E7A4F7556}") = "09.01", "09.01\09.01.csproj", "{3F046EB2-5431-40E6-8CBA-ECA5A1D3B21B}"
EndProject
Project("{9A19103F-16F7-4668-BE54-9A1E7A4F7556}") = "09.02", "09.02\09.02.csproj", "{804ED2D4-D312-45FC-825D-5416046E8F46}"
EndProject
Project("{9A19103F-16F7-4668-BE54-9A1E7A4F7556}") = "11.01", "11.01\11.01.csproj", "{89541D78-8EE3-4CD6-85F0-3A2D34433B35}"
EndProject
Project("{9A19103F-16F7-4668-BE54-9A1E7A4F7556}") = "11.02", "11.02\11.02.csproj", "{0FF9721A-369C-406A-9451-83FCCC6B8EBB}"
EndProject
Project("{9A19103F-16F7-4668-BE54-9A1E7A4F7556}") = "13.01", "13.01\13.01.csproj", "{8E14F6B3-925A-4A1B-970C-B605BFE99E19}"
EndProject
Project("{9A19103F-16F7-4668-BE54-9A1E7A4F7556}") = "13.02", "13.02\13.02.csproj", "{78235E44-E585-439A-A40A-0B96108865DE}"
EndProject
Project("{9A19103F-16F7-4668-BE54-9A1E7A4F7556}") = "15.01", "15.01\15.01.csproj", "{79A408DC-E012-41B2-BCF3-FBB902D9A64E}"
EndProject
Project("{9A19103F-16F7-4668-BE54-9A1E7A4F7556}") = "15.02", "15.02\15.02.csproj", "{FDA49FEF-A582-4EDE-99DD-A09D143B2602}"
EndProject
Project("{9A19103F-16F7-4668-BE54-9A1E7A4F7556}") = "16.01", "16.01\16.01.csproj", "{CA371369-ED1E-4CED-B71B-7F7F72256BA8}"
EndProject
Project("{9A19103F-16F7-4668-BE54-9A1E7A4F7556}") = "16.02", "16.02\16.02.csproj", "{11A6D76D-BB5B-4722-A27D-CDC26C0C1AA5}"
EndProject
Project("{9A19103F-16F7-4668-BE54-9A1E7A4F7556}") = "17.01", "17.01\17.01.csproj", "{81EE8392-7C75-4CA9-990C-45373898593C}"
EndProject
Project("{9A19103F-16F7-4668-BE54-9A1E7A4F7556}") = "17.02", "17.02\17.02.csproj", "{45D9C794-1023-4EDB-AFD8-F90A2809B9C4}"
EndProject
Project("{9A19103F-16F7-4668-BE54-9A1E7A4F7556}") = "18.01", "18.01\18.01.csproj", "{48493180-4DC4-473A-BB0E-EC42D7E68E73}"
EndProject
Project("{9A19103F-16F7-4668-BE54-9A1E7A4F7556}") = "18.02", "18.02\18.02.csproj", "{2A920A52-6CAD-460F-A085-3F6084645DDA}"
EndProject
Project("{9A19103F-16F7-4668-BE54-9A1E7A4F7556}") = "19.01", "19.01\19.01.csproj", "{31AB572F-E04A-4C7A-AEAF-0022B6B52EE1}"
EndProject
Project("{9A19103F-16F7-4668-BE54-9A1E7A4F7556}") = "19.02", "19.02\19.02.csproj", "{D81E8C2A-239D-4AD9-AF10-74D246384178}"
EndProject
Project("{9A19103F-16F7-4668-BE54-9A1E7A4F7556}") = "20.01", "20.01\20.01.csproj", "{1A566416-D326-4186-B077-A50061CDC930}"
EndProject
Project("{9A19103F-16F7-4668-BE54-9A1E7A4F7556}") = "21.01", "21.01\21.01.csproj", "{B409C075-0A07-48F1-878A-DBFCA58D3C20}"
EndProject
Project("{9A19103F-16F7-4668-BE54-9A1E7A4F7556}") = "21.02", "21.02\21.02.csproj", "{9F32501F-20BC-4A55-85CE-62FB190D6FD4}"
EndProject
Project("{9A19103F-16F7-4668-BE54-9A1E7A4F7556}") = "22.01", "22.01\22.01.csproj", "{51ECBA5E-4D71-44F8-9CB2-9E1ADC4F9206}"
EndProject
Project("{9A19103F-16F7-4668-BE54-9A1E7A4F7556}") = "22.02", "22.02\22.02.csproj", "{B2DBAB35-3969-472B-B50B-FCA957FA732A}"
EndProject
Project("{9A19103F-16F7-4668-BE54-9A1E7A4F7556}") = "23.01", "23.01\23.01.csproj", "{00316A91-8945-4B6C-8912-17C6FA948ACD}"
EndProject
Project("{9A19103F-16F7-4668-BE54-9A1E7A4F7556}") = "23.02", "23.02\23.02.csproj", "{86563F11-6AA7-47EE-A19B-E0B3DEF8AE1F}"
EndProject
Project("{9A19103F-16F7-4668-BE54-9A1E7A4F7556}") = "24.01", "24.01\24.01.csproj", "{CEC71ACC-3071-4412-9EFA-CC3AA7BABCF6}"
EndProject
Project("{9A19103F-16F7-4668-BE54-9A1E7A4F7556}") = "24.02", "24.02\24.02.csproj", "{7BCA28D3-7149-40BE-878E-DD1B386D24EB}"
EndProject
Project("{FAE04EC0-301F-11D3-BF4B-00C04F79EFBC}") = "25.01", "25.01\25.01.csproj", "{77A9ED29-1B48-434A-9493-5A7A1929F235}"
EndProject
Global
	GlobalSection(SolutionConfigurationPlatforms) = preSolution
		Debug|Any CPU = Debug|Any CPU
		Release|Any CPU = Release|Any CPU
	EndGlobalSection
	GlobalSection(ProjectConfigurationPlatforms) = postSolution
		{E0F0408C-DFDB-4026-AE4E-39C89E3A6631}.Debug|Any CPU.ActiveCfg = Debug|Any CPU
		{E0F0408C-DFDB-4026-AE4E-39C89E3A6631}.Debug|Any CPU.Build.0 = Debug|Any CPU
		{E0F0408C-DFDB-4026-AE4E-39C89E3A6631}.Release|Any CPU.ActiveCfg = Release|Any CPU
		{E0F0408C-DFDB-4026-AE4E-39C89E3A6631}.Release|Any CPU.Build.0 = Release|Any CPU
		{B16BD5BF-BC7A-4B20-945E-251BCECD7163}.Debug|Any CPU.ActiveCfg = Debug|Any CPU
		{B16BD5BF-BC7A-4B20-945E-251BCECD7163}.Debug|Any CPU.Build.0 = Debug|Any CPU
		{B16BD5BF-BC7A-4B20-945E-251BCECD7163}.Release|Any CPU.ActiveCfg = Release|Any CPU
		{B16BD5BF-BC7A-4B20-945E-251BCECD7163}.Release|Any CPU.Build.0 = Release|Any CPU
		{30564889-99F3-4CCF-B71F-6092EF5A0F64}.Debug|Any CPU.ActiveCfg = Debug|Any CPU
		{30564889-99F3-4CCF-B71F-6092EF5A0F64}.Debug|Any CPU.Build.0 = Debug|Any CPU
		{30564889-99F3-4CCF-B71F-6092EF5A0F64}.Release|Any CPU.ActiveCfg = Release|Any CPU
		{30564889-99F3-4CCF-B71F-6092EF5A0F64}.Release|Any CPU.Build.0 = Release|Any CPU
		{2B235B8B-A6D0-48A8-9D08-9BE342FF61B3}.Debug|Any CPU.ActiveCfg = Debug|Any CPU
		{2B235B8B-A6D0-48A8-9D08-9BE342FF61B3}.Debug|Any CPU.Build.0 = Debug|Any CPU
		{2B235B8B-A6D0-48A8-9D08-9BE342FF61B3}.Release|Any CPU.ActiveCfg = Release|Any CPU
		{2B235B8B-A6D0-48A8-9D08-9BE342FF61B3}.Release|Any CPU.Build.0 = Release|Any CPU
		{268CF2C9-3A29-4DD6-8724-5832EF6621A5}.Debug|Any CPU.ActiveCfg = Debug|Any CPU
		{268CF2C9-3A29-4DD6-8724-5832EF6621A5}.Debug|Any CPU.Build.0 = Debug|Any CPU
		{268CF2C9-3A29-4DD6-8724-5832EF6621A5}.Release|Any CPU.ActiveCfg = Release|Any CPU
		{268CF2C9-3A29-4DD6-8724-5832EF6621A5}.Release|Any CPU.Build.0 = Release|Any CPU
		{81B08880-0236-4327-9DCA-08678D971DDD}.Debug|Any CPU.ActiveCfg = Debug|Any CPU
		{81B08880-0236-4327-9DCA-08678D971DDD}.Debug|Any CPU.Build.0 = Debug|Any CPU
		{81B08880-0236-4327-9DCA-08678D971DDD}.Release|Any CPU.ActiveCfg = Release|Any CPU
		{81B08880-0236-4327-9DCA-08678D971DDD}.Release|Any CPU.Build.0 = Release|Any CPU
		{71CD8DD7-BE0E-4307-91E7-B2134B0D5C20}.Debug|Any CPU.ActiveCfg = Debug|Any CPU
		{71CD8DD7-BE0E-4307-91E7-B2134B0D5C20}.Debug|Any CPU.Build.0 = Debug|Any CPU
		{71CD8DD7-BE0E-4307-91E7-B2134B0D5C20}.Release|Any CPU.ActiveCfg = Release|Any CPU
		{71CD8DD7-BE0E-4307-91E7-B2134B0D5C20}.Release|Any CPU.Build.0 = Release|Any CPU
		{FA7EF324-F588-4716-83B8-A6E1AD6CDEEB}.Debug|Any CPU.ActiveCfg = Debug|Any CPU
		{FA7EF324-F588-4716-83B8-A6E1AD6CDEEB}.Debug|Any CPU.Build.0 = Debug|Any CPU
		{FA7EF324-F588-4716-83B8-A6E1AD6CDEEB}.Release|Any CPU.ActiveCfg = Release|Any CPU
		{FA7EF324-F588-4716-83B8-A6E1AD6CDEEB}.Release|Any CPU.Build.0 = Release|Any CPU
		{B6919C34-2A5B-4129-9554-7B5009BDAE41}.Debug|Any CPU.ActiveCfg = Debug|Any CPU
		{B6919C34-2A5B-4129-9554-7B5009BDAE41}.Debug|Any CPU.Build.0 = Debug|Any CPU
		{B6919C34-2A5B-4129-9554-7B5009BDAE41}.Release|Any CPU.ActiveCfg = Release|Any CPU
		{B6919C34-2A5B-4129-9554-7B5009BDAE41}.Release|Any CPU.Build.0 = Release|Any CPU
		{47F07C12-C960-4796-BD5B-3085B121DE14}.Debug|Any CPU.ActiveCfg = Debug|Any CPU
		{47F07C12-C960-4796-BD5B-3085B121DE14}.Debug|Any CPU.Build.0 = Debug|Any CPU
		{47F07C12-C960-4796-BD5B-3085B121DE14}.Release|Any CPU.ActiveCfg = Release|Any CPU
		{47F07C12-C960-4796-BD5B-3085B121DE14}.Release|Any CPU.Build.0 = Release|Any CPU
		{3F046EB2-5431-40E6-8CBA-ECA5A1D3B21B}.Debug|Any CPU.ActiveCfg = Debug|Any CPU
		{3F046EB2-5431-40E6-8CBA-ECA5A1D3B21B}.Debug|Any CPU.Build.0 = Debug|Any CPU
		{3F046EB2-5431-40E6-8CBA-ECA5A1D3B21B}.Release|Any CPU.ActiveCfg = Release|Any CPU
		{3F046EB2-5431-40E6-8CBA-ECA5A1D3B21B}.Release|Any CPU.Build.0 = Release|Any CPU
		{804ED2D4-D312-45FC-825D-5416046E8F46}.Debug|Any CPU.ActiveCfg = Debug|Any CPU
		{804ED2D4-D312-45FC-825D-5416046E8F46}.Debug|Any CPU.Build.0 = Debug|Any CPU
		{804ED2D4-D312-45FC-825D-5416046E8F46}.Release|Any CPU.ActiveCfg = Release|Any CPU
		{804ED2D4-D312-45FC-825D-5416046E8F46}.Release|Any CPU.Build.0 = Release|Any CPU
		{89541D78-8EE3-4CD6-85F0-3A2D34433B35}.Debug|Any CPU.ActiveCfg = Debug|Any CPU
		{89541D78-8EE3-4CD6-85F0-3A2D34433B35}.Debug|Any CPU.Build.0 = Debug|Any CPU
		{89541D78-8EE3-4CD6-85F0-3A2D34433B35}.Release|Any CPU.ActiveCfg = Release|Any CPU
		{89541D78-8EE3-4CD6-85F0-3A2D34433B35}.Release|Any CPU.Build.0 = Release|Any CPU
		{0FF9721A-369C-406A-9451-83FCCC6B8EBB}.Debug|Any CPU.ActiveCfg = Debug|Any CPU
		{0FF9721A-369C-406A-9451-83FCCC6B8EBB}.Debug|Any CPU.Build.0 = Debug|Any CPU
		{0FF9721A-369C-406A-9451-83FCCC6B8EBB}.Release|Any CPU.ActiveCfg = Release|Any CPU
		{0FF9721A-369C-406A-9451-83FCCC6B8EBB}.Release|Any CPU.Build.0 = Release|Any CPU
		{8E14F6B3-925A-4A1B-970C-B605BFE99E19}.Debug|Any CPU.ActiveCfg = Debug|Any CPU
		{8E14F6B3-925A-4A1B-970C-B605BFE99E19}.Debug|Any CPU.Build.0 = Debug|Any CPU
		{8E14F6B3-925A-4A1B-970C-B605BFE99E19}.Release|Any CPU.ActiveCfg = Release|Any CPU
		{8E14F6B3-925A-4A1B-970C-B605BFE99E19}.Release|Any CPU.Build.0 = Release|Any CPU
		{78235E44-E585-439A-A40A-0B96108865DE}.Debug|Any CPU.ActiveCfg = Debug|Any CPU
		{78235E44-E585-439A-A40A-0B96108865DE}.Debug|Any CPU.Build.0 = Debug|Any CPU
		{78235E44-E585-439A-A40A-0B96108865DE}.Release|Any CPU.ActiveCfg = Release|Any CPU
		{78235E44-E585-439A-A40A-0B96108865DE}.Release|Any CPU.Build.0 = Release|Any CPU
		{79A408DC-E012-41B2-BCF3-FBB902D9A64E}.Debug|Any CPU.ActiveCfg = Debug|Any CPU
		{79A408DC-E012-41B2-BCF3-FBB902D9A64E}.Debug|Any CPU.Build.0 = Debug|Any CPU
		{79A408DC-E012-41B2-BCF3-FBB902D9A64E}.Release|Any CPU.ActiveCfg = Release|Any CPU
		{79A408DC-E012-41B2-BCF3-FBB902D9A64E}.Release|Any CPU.Build.0 = Release|Any CPU
		{FDA49FEF-A582-4EDE-99DD-A09D143B2602}.Debug|Any CPU.ActiveCfg = Debug|Any CPU
		{FDA49FEF-A582-4EDE-99DD-A09D143B2602}.Debug|Any CPU.Build.0 = Debug|Any CPU
		{FDA49FEF-A582-4EDE-99DD-A09D143B2602}.Release|Any CPU.ActiveCfg = Release|Any CPU
		{FDA49FEF-A582-4EDE-99DD-A09D143B2602}.Release|Any CPU.Build.0 = Release|Any CPU
		{CA371369-ED1E-4CED-B71B-7F7F72256BA8}.Debug|Any CPU.ActiveCfg = Debug|Any CPU
		{CA371369-ED1E-4CED-B71B-7F7F72256BA8}.Debug|Any CPU.Build.0 = Debug|Any CPU
		{CA371369-ED1E-4CED-B71B-7F7F72256BA8}.Release|Any CPU.ActiveCfg = Release|Any CPU
		{CA371369-ED1E-4CED-B71B-7F7F72256BA8}.Release|Any CPU.Build.0 = Release|Any CPU
		{11A6D76D-BB5B-4722-A27D-CDC26C0C1AA5}.Debug|Any CPU.ActiveCfg = Debug|Any CPU
		{11A6D76D-BB5B-4722-A27D-CDC26C0C1AA5}.Debug|Any CPU.Build.0 = Debug|Any CPU
		{11A6D76D-BB5B-4722-A27D-CDC26C0C1AA5}.Release|Any CPU.ActiveCfg = Release|Any CPU
		{11A6D76D-BB5B-4722-A27D-CDC26C0C1AA5}.Release|Any CPU.Build.0 = Release|Any CPU
		{81EE8392-7C75-4CA9-990C-45373898593C}.Debug|Any CPU.ActiveCfg = Debug|Any CPU
		{81EE8392-7C75-4CA9-990C-45373898593C}.Debug|Any CPU.Build.0 = Debug|Any CPU
		{81EE8392-7C75-4CA9-990C-45373898593C}.Release|Any CPU.ActiveCfg = Release|Any CPU
		{81EE8392-7C75-4CA9-990C-45373898593C}.Release|Any CPU.Build.0 = Release|Any CPU
		{45D9C794-1023-4EDB-AFD8-F90A2809B9C4}.Debug|Any CPU.ActiveCfg = Debug|Any CPU
		{45D9C794-1023-4EDB-AFD8-F90A2809B9C4}.Debug|Any CPU.Build.0 = Debug|Any CPU
		{45D9C794-1023-4EDB-AFD8-F90A2809B9C4}.Release|Any CPU.ActiveCfg = Release|Any CPU
		{45D9C794-1023-4EDB-AFD8-F90A2809B9C4}.Release|Any CPU.Build.0 = Release|Any CPU
		{48493180-4DC4-473A-BB0E-EC42D7E68E73}.Debug|Any CPU.ActiveCfg = Debug|Any CPU
		{48493180-4DC4-473A-BB0E-EC42D7E68E73}.Debug|Any CPU.Build.0 = Debug|Any CPU
		{48493180-4DC4-473A-BB0E-EC42D7E68E73}.Release|Any CPU.ActiveCfg = Release|Any CPU
		{48493180-4DC4-473A-BB0E-EC42D7E68E73}.Release|Any CPU.Build.0 = Release|Any CPU
		{2A920A52-6CAD-460F-A085-3F6084645DDA}.Debug|Any CPU.ActiveCfg = Debug|Any CPU
		{2A920A52-6CAD-460F-A085-3F6084645DDA}.Debug|Any CPU.Build.0 = Debug|Any CPU
		{2A920A52-6CAD-460F-A085-3F6084645DDA}.Release|Any CPU.ActiveCfg = Release|Any CPU
		{2A920A52-6CAD-460F-A085-3F6084645DDA}.Release|Any CPU.Build.0 = Release|Any CPU
		{31AB572F-E04A-4C7A-AEAF-0022B6B52EE1}.Debug|Any CPU.ActiveCfg = Debug|Any CPU
		{31AB572F-E04A-4C7A-AEAF-0022B6B52EE1}.Debug|Any CPU.Build.0 = Debug|Any CPU
		{31AB572F-E04A-4C7A-AEAF-0022B6B52EE1}.Release|Any CPU.ActiveCfg = Release|Any CPU
		{31AB572F-E04A-4C7A-AEAF-0022B6B52EE1}.Release|Any CPU.Build.0 = Release|Any CPU
		{D81E8C2A-239D-4AD9-AF10-74D246384178}.Debug|Any CPU.ActiveCfg = Debug|Any CPU
		{D81E8C2A-239D-4AD9-AF10-74D246384178}.Debug|Any CPU.Build.0 = Debug|Any CPU
		{D81E8C2A-239D-4AD9-AF10-74D246384178}.Release|Any CPU.ActiveCfg = Release|Any CPU
		{D81E8C2A-239D-4AD9-AF10-74D246384178}.Release|Any CPU.Build.0 = Release|Any CPU
		{1A566416-D326-4186-B077-A50061CDC930}.Debug|Any CPU.ActiveCfg = Debug|Any CPU
		{1A566416-D326-4186-B077-A50061CDC930}.Debug|Any CPU.Build.0 = Debug|Any CPU
		{1A566416-D326-4186-B077-A50061CDC930}.Release|Any CPU.ActiveCfg = Release|Any CPU
		{1A566416-D326-4186-B077-A50061CDC930}.Release|Any CPU.Build.0 = Release|Any CPU
		{B409C075-0A07-48F1-878A-DBFCA58D3C20}.Debug|Any CPU.ActiveCfg = Debug|Any CPU
		{B409C075-0A07-48F1-878A-DBFCA58D3C20}.Debug|Any CPU.Build.0 = Debug|Any CPU
		{B409C075-0A07-48F1-878A-DBFCA58D3C20}.Release|Any CPU.ActiveCfg = Release|Any CPU
		{B409C075-0A07-48F1-878A-DBFCA58D3C20}.Release|Any CPU.Build.0 = Release|Any CPU
		{9F32501F-20BC-4A55-85CE-62FB190D6FD4}.Debug|Any CPU.ActiveCfg = Debug|Any CPU
		{9F32501F-20BC-4A55-85CE-62FB190D6FD4}.Debug|Any CPU.Build.0 = Debug|Any CPU
		{9F32501F-20BC-4A55-85CE-62FB190D6FD4}.Release|Any CPU.ActiveCfg = Release|Any CPU
		{9F32501F-20BC-4A55-85CE-62FB190D6FD4}.Release|Any CPU.Build.0 = Release|Any CPU
		{51ECBA5E-4D71-44F8-9CB2-9E1ADC4F9206}.Debug|Any CPU.ActiveCfg = Debug|Any CPU
		{51ECBA5E-4D71-44F8-9CB2-9E1ADC4F9206}.Debug|Any CPU.Build.0 = Debug|Any CPU
		{51ECBA5E-4D71-44F8-9CB2-9E1ADC4F9206}.Release|Any CPU.ActiveCfg = Release|Any CPU
		{51ECBA5E-4D71-44F8-9CB2-9E1ADC4F9206}.Release|Any CPU.Build.0 = Release|Any CPU
		{B2DBAB35-3969-472B-B50B-FCA957FA732A}.Debug|Any CPU.ActiveCfg = Debug|Any CPU
		{B2DBAB35-3969-472B-B50B-FCA957FA732A}.Debug|Any CPU.Build.0 = Debug|Any CPU
		{B2DBAB35-3969-472B-B50B-FCA957FA732A}.Release|Any CPU.ActiveCfg = Release|Any CPU
		{B2DBAB35-3969-472B-B50B-FCA957FA732A}.Release|Any CPU.Build.0 = Release|Any CPU
		{00316A91-8945-4B6C-8912-17C6FA948ACD}.Debug|Any CPU.ActiveCfg = Debug|Any CPU
		{00316A91-8945-4B6C-8912-17C6FA948ACD}.Debug|Any CPU.Build.0 = Debug|Any CPU
		{00316A91-8945-4B6C-8912-17C6FA948ACD}.Release|Any CPU.ActiveCfg = Release|Any CPU
		{00316A91-8945-4B6C-8912-17C6FA948ACD}.Release|Any CPU.Build.0 = Release|Any CPU
		{86563F11-6AA7-47EE-A19B-E0B3DEF8AE1F}.Debug|Any CPU.ActiveCfg = Debug|Any CPU
		{86563F11-6AA7-47EE-A19B-E0B3DEF8AE1F}.Debug|Any CPU.Build.0 = Debug|Any CPU
		{86563F11-6AA7-47EE-A19B-E0B3DEF8AE1F}.Release|Any CPU.ActiveCfg = Release|Any CPU
		{86563F11-6AA7-47EE-A19B-E0B3DEF8AE1F}.Release|Any CPU.Build.0 = Release|Any CPU
		{CEC71ACC-3071-4412-9EFA-CC3AA7BABCF6}.Debug|Any CPU.ActiveCfg = Debug|Any CPU
		{CEC71ACC-3071-4412-9EFA-CC3AA7BABCF6}.Debug|Any CPU.Build.0 = Debug|Any CPU
		{CEC71ACC-3071-4412-9EFA-CC3AA7BABCF6}.Release|Any CPU.ActiveCfg = Release|Any CPU
		{CEC71ACC-3071-4412-9EFA-CC3AA7BABCF6}.Release|Any CPU.Build.0 = Release|Any CPU
		{7BCA28D3-7149-40BE-878E-DD1B386D24EB}.Debug|Any CPU.ActiveCfg = Debug|Any CPU
		{7BCA28D3-7149-40BE-878E-DD1B386D24EB}.Debug|Any CPU.Build.0 = Debug|Any CPU
		{7BCA28D3-7149-40BE-878E-DD1B386D24EB}.Release|Any CPU.ActiveCfg = Release|Any CPU
		{7BCA28D3-7149-40BE-878E-DD1B386D24EB}.Release|Any CPU.Build.0 = Release|Any CPU
		{77A9ED29-1B48-434A-9493-5A7A1929F235}.Debug|Any CPU.ActiveCfg = Debug|Any CPU
		{77A9ED29-1B48-434A-9493-5A7A1929F235}.Debug|Any CPU.Build.0 = Debug|Any CPU
		{77A9ED29-1B48-434A-9493-5A7A1929F235}.Release|Any CPU.ActiveCfg = Release|Any CPU
		{77A9ED29-1B48-434A-9493-5A7A1929F235}.Release|Any CPU.Build.0 = Release|Any CPU
	EndGlobalSection
	GlobalSection(SolutionProperties) = preSolution
		HideSolutionNode = FALSE
	EndGlobalSection
	GlobalSection(ExtensibilityGlobals) = postSolution
		SolutionGuid = {BD0170A1-5F17-4A96-80DC-3F5DDC7997F7}
	EndGlobalSection
EndGlobal
